
Microsoft Visual Studio Solution File, Format Version 12.00
# Visual Studio Version 17
VisualStudioVersion = 17.2.32505.173
MinimumVisualStudioVersion = 10.0.40219.1
Project("{FAE04EC0-301F-11D3-BF4B-00C04F79EFBC}") = "ClearTypeManager", "ClearTypeManager.csproj", "{8EC299F1-3308-4049-9C24-97688D339311}"
EndProject
Global
	GlobalSection(SolutionConfigurationPlatforms) = preSolution
		Debug|Any CPU = Debug|Any CPU
		Release|Any CPU = Release|Any CPU
	EndGlobalSection
	GlobalSection(ProjectConfigurationPlatforms) = postSolution
		{8EC299F1-3308-4049-9C24-97688D339311}.Debug|Any CPU.ActiveCfg = Debug|Any CPU
		{8EC299F1-3308-4049-9C24-97688D339311}.Debug|Any CPU.Build.0 = Debug|Any CPU
		{8EC299F1-3308-4049-9C24-97688D339311}.Release|Any CPU.ActiveCfg = Release|Any CPU
		{8EC299F1-3308-4049-9C24-97688D339311}.Release|Any CPU.Build.0 = Release|Any CPU
	EndGlobalSection
	GlobalSection(SolutionProperties) = preSolution
		HideSolutionNode = FALSE
	EndGlobalSection
	GlobalSection(ExtensibilityGlobals) = postSolution
		SolutionGuid = {9C030E26-A003-47F0-B447-9DF71F52845D}
	EndGlobalSection
EndGlobal
